
Microsoft Visual Studio Solution File, Format Version 12.00
# Visual Studio Version 16
VisualStudioVersion = 16.0.36324.18
MinimumVisualStudioVersion = 10.0.40219.1
Project("{FAE04EC0-301F-11D3-BF4B-00C04F79EFBC}") = "AutoStockApp", "AutoStockApp\AutoStockApp.csproj", "{99D7B002-0994-4FA5-8BC5-BF27AE27191E}"
EndProject
Project("{FAE04EC0-301F-11D3-BF4B-00C04F79EFBC}") = "Entities", "Entities\Entities.csproj", "{D7A8ED4C-D3F9-4EEF-B5D8-55AFEB08E3E0}"
EndProject
Project("{FAE04EC0-301F-11D3-BF4B-00C04F79EFBC}") = "Core", "Core\Core.csproj", "{31817E0C-CA0F-43F0-90D8-44C4959152C5}"
EndProject
Project("{FAE04EC0-301F-11D3-BF4B-00C04F79EFBC}") = "DataAccess", "DataAccess\DataAccess.csproj", "{B4B97EDE-7D52-44CB-B444-D7C11D538067}"
EndProject
Project("{FAE04EC0-301F-11D3-BF4B-00C04F79EFBC}") = "Business", "Business\Business.csproj", "{9E8A4502-524F-458A-9567-A496732CB4A9}"
EndProject
Global
	GlobalSection(SolutionConfigurationPlatforms) = preSolution
		Debug|Any CPU = Debug|Any CPU
		Release|Any CPU = Release|Any CPU
	EndGlobalSection
	GlobalSection(ProjectConfigurationPlatforms) = postSolution
		{99D7B002-0994-4FA5-8BC5-BF27AE27191E}.Debug|Any CPU.ActiveCfg = Debug|Any CPU
		{99D7B002-0994-4FA5-8BC5-BF27AE27191E}.Debug|Any CPU.Build.0 = Debug|Any CPU
		{99D7B002-0994-4FA5-8BC5-BF27AE27191E}.Release|Any CPU.ActiveCfg = Release|Any CPU
		{99D7B002-0994-4FA5-8BC5-BF27AE27191E}.Release|Any CPU.Build.0 = Release|Any CPU
		{D7A8ED4C-D3F9-4EEF-B5D8-55AFEB08E3E0}.Debug|Any CPU.ActiveCfg = Debug|Any CPU
		{D7A8ED4C-D3F9-4EEF-B5D8-55AFEB08E3E0}.Debug|Any CPU.Build.0 = Debug|Any CPU
		{D7A8ED4C-D3F9-4EEF-B5D8-55AFEB08E3E0}.Release|Any CPU.ActiveCfg = Release|Any CPU
		{D7A8ED4C-D3F9-4EEF-B5D8-55AFEB08E3E0}.Release|Any CPU.Build.0 = Release|Any CPU
		{31817E0C-CA0F-43F0-90D8-44C4959152C5}.Debug|Any CPU.ActiveCfg = Debug|Any CPU
		{31817E0C-CA0F-43F0-90D8-44C4959152C5}.Debug|Any CPU.Build.0 = Debug|Any CPU
		{31817E0C-CA0F-43F0-90D8-44C4959152C5}.Release|Any CPU.ActiveCfg = Release|Any CPU
		{31817E0C-CA0F-43F0-90D8-44C4959152C5}.Release|Any CPU.Build.0 = Release|Any CPU
		{B4B97EDE-7D52-44CB-B444-D7C11D538067}.Debug|Any CPU.ActiveCfg = Debug|Any CPU
		{B4B97EDE-7D52-44CB-B444-D7C11D538067}.Debug|Any CPU.Build.0 = Debug|Any CPU
		{B4B97EDE-7D52-44CB-B444-D7C11D538067}.Release|Any CPU.ActiveCfg = Release|Any CPU
		{B4B97EDE-7D52-44CB-B444-D7C11D538067}.Release|Any CPU.Build.0 = Release|Any CPU
		{9E8A4502-524F-458A-9567-A496732CB4A9}.Debug|Any CPU.ActiveCfg = Debug|Any CPU
		{9E8A4502-524F-458A-9567-A496732CB4A9}.Debug|Any CPU.Build.0 = Debug|Any CPU
		{9E8A4502-524F-458A-9567-A496732CB4A9}.Release|Any CPU.ActiveCfg = Release|Any CPU
		{9E8A4502-524F-458A-9567-A496732CB4A9}.Release|Any CPU.Build.0 = Release|Any CPU
	EndGlobalSection
	GlobalSection(SolutionProperties) = preSolution
		HideSolutionNode = FALSE
	EndGlobalSection
	GlobalSection(ExtensibilityGlobals) = postSolution
		SolutionGuid = {F3A93650-9080-468C-90B5-57C474951163}
	EndGlobalSection
EndGlobal
